
Microsoft Visual Studio Solution File, Format Version 12.00
# Visual Studio Version 17
VisualStudioVersion = 17.5.33424.131
MinimumVisualStudioVersion = 10.0.40219.1
Project("{2150E333-8FDC-42A3-9474-1A3956D46DE8}") = "src", "src", "{B0B83CE4-B3C2-4FB9-8A53-0C038D5BD31E}"
EndProject
Project("{2150E333-8FDC-42A3-9474-1A3956D46DE8}") = "Backend", "Backend", "{CB4235AE-674F-4A4B-AF2B-7FF3F21B16AC}"
EndProject
Project("{2150E333-8FDC-42A3-9474-1A3956D46DE8}") = "Shared", "Shared", "{E7DFC124-4F4C-44C1-A906-0CA48BE1E476}"
EndProject
Project("{9A19103F-16F7-4668-BE54-9A1E7A4F7556}") = "Portal.Comunicacao", "src\Shared\Portal.Comunicacao\Portal.Comunicacao.csproj", "{4225CCA5-32CA-4E16-ACFD-64159A70077B}"
	ProjectSection(ProjectDependencies) = postProject
		{F4596EB2-33AC-49A8-A89A-975352D99246} = {F4596EB2-33AC-49A8-A89A-975352D99246}
	EndProjectSection
EndProject
Project("{9A19103F-16F7-4668-BE54-9A1E7A4F7556}") = "Portal.Exceptions", "src\Shared\Portal.Exceptions\Portal.Exceptions.csproj", "{F4596EB2-33AC-49A8-A89A-975352D99246}"
EndProject
Project("{9A19103F-16F7-4668-BE54-9A1E7A4F7556}") = "Portal.Application", "src\Backend\Portal.Application\Portal.Application.csproj", "{66854F07-83B8-4194-8CE8-0B539F92C127}"
EndProject
Project("{9A19103F-16F7-4668-BE54-9A1E7A4F7556}") = "Portal.Domain", "src\Backend\Portal.Domain\Portal.Domain.csproj", "{EA2E14CD-206E-4C47-B7FA-5403E52EE65B}"
EndProject
Project("{9A19103F-16F7-4668-BE54-9A1E7A4F7556}") = "Portal.Infraestrutura", "src\Backend\Portal.Infraestrutura\Portal.Infraestrutura.csproj", "{51F60314-40A5-4B0B-A819-AB6FCB84DE6D}"
EndProject
Project("{9A19103F-16F7-4668-BE54-9A1E7A4F7556}") = "Portal.Api", "src\Backend\Portal.Api\Portal.Api.csproj", "{6E7A16DC-5C46-4457-82EA-C13FBAA9A1EF}"
EndProject
Global
	GlobalSection(SolutionConfigurationPlatforms) = preSolution
		Debug|Any CPU = Debug|Any CPU
		Release|Any CPU = Release|Any CPU
	EndGlobalSection
	GlobalSection(ProjectConfigurationPlatforms) = postSolution
		{4225CCA5-32CA-4E16-ACFD-64159A70077B}.Debug|Any CPU.ActiveCfg = Debug|Any CPU
		{4225CCA5-32CA-4E16-ACFD-64159A70077B}.Debug|Any CPU.Build.0 = Debug|Any CPU
		{4225CCA5-32CA-4E16-ACFD-64159A70077B}.Release|Any CPU.ActiveCfg = Release|Any CPU
		{4225CCA5-32CA-4E16-ACFD-64159A70077B}.Release|Any CPU.Build.0 = Release|Any CPU
		{F4596EB2-33AC-49A8-A89A-975352D99246}.Debug|Any CPU.ActiveCfg = Debug|Any CPU
		{F4596EB2-33AC-49A8-A89A-975352D99246}.Debug|Any CPU.Build.0 = Debug|Any CPU
		{F4596EB2-33AC-49A8-A89A-975352D99246}.Release|Any CPU.ActiveCfg = Release|Any CPU
		{F4596EB2-33AC-49A8-A89A-975352D99246}.Release|Any CPU.Build.0 = Release|Any CPU
		{66854F07-83B8-4194-8CE8-0B539F92C127}.Debug|Any CPU.ActiveCfg = Debug|Any CPU
		{66854F07-83B8-4194-8CE8-0B539F92C127}.Debug|Any CPU.Build.0 = Debug|Any CPU
		{66854F07-83B8-4194-8CE8-0B539F92C127}.Release|Any CPU.ActiveCfg = Release|Any CPU
		{66854F07-83B8-4194-8CE8-0B539F92C127}.Release|Any CPU.Build.0 = Release|Any CPU
		{EA2E14CD-206E-4C47-B7FA-5403E52EE65B}.Debug|Any CPU.ActiveCfg = Debug|Any CPU
		{EA2E14CD-206E-4C47-B7FA-5403E52EE65B}.Debug|Any CPU.Build.0 = Debug|Any CPU
		{EA2E14CD-206E-4C47-B7FA-5403E52EE65B}.Release|Any CPU.ActiveCfg = Release|Any CPU
		{EA2E14CD-206E-4C47-B7FA-5403E52EE65B}.Release|Any CPU.Build.0 = Release|Any CPU
		{51F60314-40A5-4B0B-A819-AB6FCB84DE6D}.Debug|Any CPU.ActiveCfg = Debug|Any CPU
		{51F60314-40A5-4B0B-A819-AB6FCB84DE6D}.Debug|Any CPU.Build.0 = Debug|Any CPU
		{51F60314-40A5-4B0B-A819-AB6FCB84DE6D}.Release|Any CPU.ActiveCfg = Release|Any CPU
		{51F60314-40A5-4B0B-A819-AB6FCB84DE6D}.Release|Any CPU.Build.0 = Release|Any CPU
		{6E7A16DC-5C46-4457-82EA-C13FBAA9A1EF}.Debug|Any CPU.ActiveCfg = Debug|Any CPU
		{6E7A16DC-5C46-4457-82EA-C13FBAA9A1EF}.Debug|Any CPU.Build.0 = Debug|Any CPU
		{6E7A16DC-5C46-4457-82EA-C13FBAA9A1EF}.Release|Any CPU.ActiveCfg = Release|Any CPU
		{6E7A16DC-5C46-4457-82EA-C13FBAA9A1EF}.Release|Any CPU.Build.0 = Release|Any CPU
	EndGlobalSection
	GlobalSection(SolutionProperties) = preSolution
		HideSolutionNode = FALSE
	EndGlobalSection
	GlobalSection(NestedProjects) = preSolution
		{CB4235AE-674F-4A4B-AF2B-7FF3F21B16AC} = {B0B83CE4-B3C2-4FB9-8A53-0C038D5BD31E}
		{E7DFC124-4F4C-44C1-A906-0CA48BE1E476} = {B0B83CE4-B3C2-4FB9-8A53-0C038D5BD31E}
		{4225CCA5-32CA-4E16-ACFD-64159A70077B} = {E7DFC124-4F4C-44C1-A906-0CA48BE1E476}
		{F4596EB2-33AC-49A8-A89A-975352D99246} = {E7DFC124-4F4C-44C1-A906-0CA48BE1E476}
		{66854F07-83B8-4194-8CE8-0B539F92C127} = {CB4235AE-674F-4A4B-AF2B-7FF3F21B16AC}
		{EA2E14CD-206E-4C47-B7FA-5403E52EE65B} = {CB4235AE-674F-4A4B-AF2B-7FF3F21B16AC}
		{51F60314-40A5-4B0B-A819-AB6FCB84DE6D} = {CB4235AE-674F-4A4B-AF2B-7FF3F21B16AC}
		{6E7A16DC-5C46-4457-82EA-C13FBAA9A1EF} = {CB4235AE-674F-4A4B-AF2B-7FF3F21B16AC}
	EndGlobalSection
	GlobalSection(ExtensibilityGlobals) = postSolution
		SolutionGuid = {F4EEB4FD-3EC2-41C8-BBEB-0329442C3E2D}
	EndGlobalSection
EndGlobal
